// !$*UTF8*$!
{
	archiveVersion = 1;
	classes = {
	};
	objectVersion = 48;
	objects = {

/* Begin PBXBuildFile section */
		351DF4072029ECE1008A2831 /* InAppRouter.h in Headers */ = {isa = PBXBuildFile; fileRef = 351DF4052029ECE1008A2831 /* InAppRouter.h */; settings = {ATTRIBUTES = (Public, ); }; };
		356879E82029F2D200040ECE /* InAppEndpoint.swift in Sources */ = {isa = PBXBuildFile; fileRef = 356879E72029F2D200040ECE /* InAppEndpoint.swift */; };
		356879EA2029F2E500040ECE /* InAppRouter.swift in Sources */ = {isa = PBXBuildFile; fileRef = 356879E92029F2E500040ECE /* InAppRouter.swift */; };
		356879EC2029F32500040ECE /* RoutableViewController.swift in Sources */ = {isa = PBXBuildFile; fileRef = 356879EB2029F32500040ECE /* RoutableViewController.swift */; };
		356879EE2029FA1E00040ECE /* URLComponents+Endpoint.swift in Sources */ = {isa = PBXBuildFile; fileRef = 356879ED2029FA1E00040ECE /* URLComponents+Endpoint.swift */; };
/* End PBXBuildFile section */

/* Begin PBXFileReference section */
		351DF4022029ECE1008A2831 /* InAppRouter.framework */ = {isa = PBXFileReference; explicitFileType = wrapper.framework; includeInIndex = 0; path = InAppRouter.framework; sourceTree = BUILT_PRODUCTS_DIR; };
		351DF4052029ECE1008A2831 /* InAppRouter.h */ = {isa = PBXFileReference; lastKnownFileType = sourcecode.c.h; path = InAppRouter.h; sourceTree = "<group>"; };
		351DF4062029ECE1008A2831 /* Info.plist */ = {isa = PBXFileReference; lastKnownFileType = text.plist.xml; path = Info.plist; sourceTree = "<group>"; };
		356879E72029F2D200040ECE /* InAppEndpoint.swift */ = {isa = PBXFileReference; lastKnownFileType = sourcecode.swift; path = InAppEndpoint.swift; sourceTree = "<group>"; };
		356879E92029F2E500040ECE /* InAppRouter.swift */ = {isa = PBXFileReference; lastKnownFileType = sourcecode.swift; path = InAppRouter.swift; sourceTree = "<group>"; };
		356879EB2029F32500040ECE /* RoutableViewController.swift */ = {isa = PBXFileReference; lastKnownFileType = sourcecode.swift; path = RoutableViewController.swift; sourceTree = "<group>"; };
		356879ED2029FA1E00040ECE /* URLComponents+Endpoint.swift */ = {isa = PBXFileReference; lastKnownFileType = sourcecode.swift; path = "URLComponents+Endpoint.swift"; sourceTree = "<group>"; };
/* End PBXFileReference section */

/* Begin PBXFrameworksBuildPhase section */
		351DF3FE2029ECE1008A2831 /* Frameworks */ = {
			isa = PBXFrameworksBuildPhase;
			buildActionMask = 2147483647;
			files = (
			);
			runOnlyForDeploymentPostprocessing = 0;
		};
/* End PBXFrameworksBuildPhase section */

/* Begin PBXGroup section */
		351DF3F82029ECE1008A2831 = {
			isa = PBXGroup;
			children = (
				351DF4042029ECE1008A2831 /* InAppRouter */,
				351DF4032029ECE1008A2831 /* Products */,
			);
			sourceTree = "<group>";
		};
		351DF4032029ECE1008A2831 /* Products */ = {
			isa = PBXGroup;
			children = (
				351DF4022029ECE1008A2831 /* InAppRouter.framework */,
			);
			name = Products;
			sourceTree = "<group>";
		};
		351DF4042029ECE1008A2831 /* InAppRouter */ = {
			isa = PBXGroup;
			children = (
				351DF40D2029ED1D008A2831 /* Sources */,
				351DF40E2029ED1D008A2831 /* Resources */,
			);
			path = InAppRouter;
			sourceTree = "<group>";
		};
		351DF40D2029ED1D008A2831 /* Sources */ = {
			isa = PBXGroup;
			children = (
				351DF4052029ECE1008A2831 /* InAppRouter.h */,
				356879E92029F2E500040ECE /* InAppRouter.swift */,
				356879E72029F2D200040ECE /* InAppEndpoint.swift */,
				356879EB2029F32500040ECE /* RoutableViewController.swift */,
				356879ED2029FA1E00040ECE /* URLComponents+Endpoint.swift */,
			);
			path = Sources;
			sourceTree = "<group>";
		};
		351DF40E2029ED1D008A2831 /* Resources */ = {
			isa = PBXGroup;
			children = (
				351DF4062029ECE1008A2831 /* Info.plist */,
			);
			path = Resources;
			sourceTree = "<group>";
		};
/* End PBXGroup section */

/* Begin PBXHeadersBuildPhase section */
		351DF3FF2029ECE1008A2831 /* Headers */ = {
			isa = PBXHeadersBuildPhase;
			buildActionMask = 2147483647;
			files = (
				351DF4072029ECE1008A2831 /* InAppRouter.h in Headers */,
			);
			runOnlyForDeploymentPostprocessing = 0;
		};
/* End PBXHeadersBuildPhase section */

/* Begin PBXNativeTarget section */
		351DF4012029ECE1008A2831 /* InAppRouter */ = {
			isa = PBXNativeTarget;
			buildConfigurationList = 351DF40A2029ECE1008A2831 /* Build configuration list for PBXNativeTarget "InAppRouter" */;
			buildPhases = (
				351DF3FD2029ECE1008A2831 /* Sources */,
				351DF3FE2029ECE1008A2831 /* Frameworks */,
				351DF3FF2029ECE1008A2831 /* Headers */,
				351DF4002029ECE1008A2831 /* Resources */,
			);
			buildRules = (
			);
			dependencies = (
			);
			name = InAppRouter;
			productName = InAppRouter;
			productReference = 351DF4022029ECE1008A2831 /* InAppRouter.framework */;
			productType = "com.apple.product-type.framework";
		};
/* End PBXNativeTarget section */

/* Begin PBXProject section */
		351DF3F92029ECE1008A2831 /* Project object */ = {
			isa = PBXProject;
			attributes = {
				LastUpgradeCheck = 0920;
				ORGANIZATIONNAME = "Naohiro Hamada";
				TargetAttributes = {
					351DF4012029ECE1008A2831 = {
						CreatedOnToolsVersion = 9.2;
						LastSwiftMigration = 0920;
						ProvisioningStyle = Automatic;
					};
				};
			};
			buildConfigurationList = 351DF3FC2029ECE1008A2831 /* Build configuration list for PBXProject "InAppRouter" */;
			compatibilityVersion = "Xcode 8.0";
			developmentRegion = en;
			hasScannedForEncodings = 0;
			knownRegions = (
				en,
			);
			mainGroup = 351DF3F82029ECE1008A2831;
			productRefGroup = 351DF4032029ECE1008A2831 /* Products */;
			projectDirPath = "";
			projectRoot = "";
			targets = (
				351DF4012029ECE1008A2831 /* InAppRouter */,
			);
		};
/* End PBXProject section */

/* Begin PBXResourcesBuildPhase section */
		351DF4002029ECE1008A2831 /* Resources */ = {
			isa = PBXResourcesBuildPhase;
			buildActionMask = 2147483647;
			files = (
			);
			runOnlyForDeploymentPostprocessing = 0;
		};
/* End PBXResourcesBuildPhase section */

/* Begin PBXSourcesBuildPhase section */
		351DF3FD2029ECE1008A2831 /* Sources */ = {
			isa = PBXSourcesBuildPhase;
			buildActionMask = 2147483647;
			files = (
				356879EE2029FA1E00040ECE /* URLComponents+Endpoint.swift in Sources */,
				356879E82029F2D200040ECE /* InAppEndpoint.swift in Sources */,
				356879EC2029F32500040ECE /* RoutableViewController.swift in Sources */,
				356879EA2029F2E500040ECE /* InAppRouter.swift in Sources */,
			);
			runOnlyForDeploymentPostprocessing = 0;
		};
/* End PBXSourcesBuildPhase section */

/* Begin XCBuildConfiguration section */
		351DF4082029ECE1008A2831 /* Debug */ = {
			isa = XCBuildConfiguration;
			buildSettings = {
				ALWAYS_SEARCH_USER_PATHS = NO;
				CLANG_ANALYZER_NONNULL = YES;
				CLANG_ANALYZER_NUMBER_OBJECT_CONVERSION = YES_AGGRESSIVE;
				CLANG_CXX_LANGUAGE_STANDARD = "gnu++14";
				CLANG_CXX_LIBRARY = "libc++";
				CLANG_ENABLE_MODULES = YES;
				CLANG_ENABLE_OBJC_ARC = YES;
				CLANG_WARN_BLOCK_CAPTURE_AUTORELEASING = YES;
				CLANG_WARN_BOOL_CONVERSION = YES;
				CLANG_WARN_COMMA = YES;
				CLANG_WARN_CONSTANT_CONVERSION = YES;
				CLANG_WARN_DIRECT_OBJC_ISA_USAGE = YES_ERROR;
				CLANG_WARN_DOCUMENTATION_COMMENTS = YES;
				CLANG_WARN_EMPTY_BODY = YES;
				CLANG_WARN_ENUM_CONVERSION = YES;
				CLANG_WARN_INFINITE_RECURSION = YES;
				CLANG_WARN_INT_CONVERSION = YES;
				CLANG_WARN_NON_LITERAL_NULL_CONVERSION = YES;
				CLANG_WARN_OBJC_LITERAL_CONVERSION = YES;
				CLANG_WARN_OBJC_ROOT_CLASS = YES_ERROR;
				CLANG_WARN_RANGE_LOOP_ANALYSIS = YES;
				CLANG_WARN_STRICT_PROTOTYPES = YES;
				CLANG_WARN_SUSPICIOUS_MOVE = YES;
				CLANG_WARN_UNGUARDED_AVAILABILITY = YES_AGGRESSIVE;
				CLANG_WARN_UNREACHABLE_CODE = YES;
				CLANG_WARN__DUPLICATE_METHOD_MATCH = YES;
				CODE_SIGN_IDENTITY = "iPhone Developer";
				COPY_PHASE_STRIP = NO;
				CURRENT_PROJECT_VERSION = 1;
				DEBUG_INFORMATION_FORMAT = dwarf;
				ENABLE_STRICT_OBJC_MSGSEND = YES;
				ENABLE_TESTABILITY = YES;
				GCC_C_LANGUAGE_STANDARD = gnu11;
				GCC_DYNAMIC_NO_PIC = NO;
				GCC_NO_COMMON_BLOCKS = YES;
				GCC_OPTIMIZATION_LEVEL = 0;
				GCC_PREPROCESSOR_DEFINITIONS = (
					"DEBUG=1",
					"$(inherited)",
				);
				GCC_WARN_64_TO_32_BIT_CONVERSION = YES;
				GCC_WARN_ABOUT_RETURN_TYPE = YES_ERROR;
				GCC_WARN_UNDECLARED_SELECTOR = YES;
				GCC_WARN_UNINITIALIZED_AUTOS = YES_AGGRESSIVE;
				GCC_WARN_UNUSED_FUNCTION = YES;
				GCC_WARN_UNUSED_VARIABLE = YES;
				IPHONEOS_DEPLOYMENT_TARGET = 11.2;
				MTL_ENABLE_DEBUG_INFO = YES;
				ONLY_ACTIVE_ARCH = YES;
				SDKROOT = iphoneos;
				SWIFT_ACTIVE_COMPILATION_CONDITIONS = DEBUG;
				SWIFT_OPTIMIZATION_LEVEL = "-Onone";
				VERSIONING_SYSTEM = "apple-generic";
				VERSION_INFO_PREFIX = "";
			};
			name = Debug;
		};
		351DF4092029ECE1008A2831 /* Release */ = {
			isa = XCBuildConfiguration;
			buildSettings = {
				ALWAYS_SEARCH_USER_PATHS = NO;
				CLANG_ANALYZER_NONNULL = YES;
				CLANG_ANALYZER_NUMBER_OBJECT_CONVERSION = YES_AGGRESSIVE;
				CLANG_CXX_LANGUAGE_STANDARD = "gnu++14";
				CLANG_CXX_LIBRARY = "libc++";
				CLANG_ENABLE_MODULES = YES;
				CLANG_ENABLE_OBJC_ARC = YES;
				CLANG_WARN_BLOCK_CAPTURE_AUTORELEASING = YES;
				CLANG_WARN_BOOL_CONVERSION = YES;
				CLANG_WARN_COMMA = YES;
				CLANG_WARN_CONSTANT_CONVERSION = YES;
				CLANG_WARN_DIRECT_OBJC_ISA_USAGE = YES_ERROR;
				CLANG_WARN_DOCUMENTATION_COMMENTS = YES;
				CLANG_WARN_EMPTY_BODY = YES;
				CLANG_WARN_ENUM_CONVERSION = YES;
				CLANG_WARN_INFINITE_RECURSION = YES;
				CLANG_WARN_INT_CONVERSION = YES;
				CLANG_WARN_NON_LITERAL_NULL_CONVERSION = YES;
				CLANG_WARN_OBJC_LITERAL_CONVERSION = YES;
				CLANG_WARN_OBJC_ROOT_CLASS = YES_ERROR;
				CLANG_WARN_RANGE_LOOP_ANALYSIS = YES;
				CLANG_WARN_STRICT_PROTOTYPES = YES;
				CLANG_WARN_SUSPICIOUS_MOVE = YES;
				CLANG_WARN_UNGUARDED_AVAILABILITY = YES_AGGRESSIVE;
				CLANG_WARN_UNREACHABLE_CODE = YES;
				CLANG_WARN__DUPLICATE_METHOD_MATCH = YES;
				CODE_SIGN_IDENTITY = "iPhone Developer";
				COPY_PHASE_STRIP = NO;
				CURRENT_PROJECT_VERSION = 1;
				DEBUG_INFORMATION_FORMAT = "dwarf-with-dsym";
				ENABLE_NS_ASSERTIONS = NO;
				ENABLE_STRICT_OBJC_MSGSEND = YES;
				GCC_C_LANGUAGE_STANDARD = gnu11;
				GCC_NO_COMMON_BLOCKS = YES;
				GCC_WARN_64_TO_32_BIT_CONVERSION = YES;
				GCC_WARN_ABOUT_RETURN_TYPE = YES_ERROR;
				GCC_WARN_UNDECLARED_SELECTOR = YES;
				GCC_WARN_UNINITIALIZED_AUTOS = YES_AGGRESSIVE;
				GCC_WARN_UNUSED_FUNCTION = YES;
				GCC_WARN_UNUSED_VARIABLE = YES;
				IPHONEOS_DEPLOYMENT_TARGET = 11.2;
				MTL_ENABLE_DEBUG_INFO = NO;
				SDKROOT = iphoneos;
				SWIFT_OPTIMIZATION_LEVEL = "-Owholemodule";
				VALIDATE_PRODUCT = YES;
				VERSIONING_SYSTEM = "apple-generic";
				VERSION_INFO_PREFIX = "";
			};
			name = Release;
		};
		351DF40B2029ECE1008A2831 /* Debug */ = {
			isa = XCBuildConfiguration;
			buildSettings = {
				CLANG_ENABLE_MODULES = YES;
				CODE_SIGN_IDENTITY = "";
				CODE_SIGN_STYLE = Automatic;
				DEFINES_MODULE = YES;
				DYLIB_COMPATIBILITY_VERSION = 1;
				DYLIB_CURRENT_VERSION = 1;
				DYLIB_INSTALL_NAME_BASE = "@rpath";
				INFOPLIST_FILE = "$(SRCROOT)/InAppRouter/Resources/Info.plist";
				INSTALL_PATH = "$(LOCAL_LIBRARY_DIR)/Frameworks";
				LD_RUNPATH_SEARCH_PATHS = "$(inherited) @executable_path/Frameworks @loader_path/Frameworks";
				PRODUCT_BUNDLE_IDENTIFIER = com.github.nhamada.InAppRouter;
				PRODUCT_NAME = "$(TARGET_NAME:c99extidentifier)";
				SKIP_INSTALL = YES;
				SWIFT_OPTIMIZATION_LEVEL = "-Onone";
				SWIFT_VERSION = 4.0;
				TARGETED_DEVICE_FAMILY = "1,2";
			};
			name = Debug;
		};
		351DF40C2029ECE1008A2831 /* Release */ = {
			isa = XCBuildConfiguration;
			buildSettings = {
				CLANG_ENABLE_MODULES = YES;
				CODE_SIGN_IDENTITY = "";
				CODE_SIGN_STYLE = Automatic;
				DEFINES_MODULE = YES;
				DYLIB_COMPATIBILITY_VERSION = 1;
				DYLIB_CURRENT_VERSION = 1;
				DYLIB_INSTALL_NAME_BASE = "@rpath";
				INFOPLIST_FILE = "$(SRCROOT)/InAppRouter/Resources/Info.plist";
				INSTALL_PATH = "$(LOCAL_LIBRARY_DIR)/Frameworks";
				LD_RUNPATH_SEARCH_PATHS = "$(inherited) @executable_path/Frameworks @loader_path/Frameworks";
				PRODUCT_BUNDLE_IDENTIFIER = com.github.nhamada.InAppRouter;
				PRODUCT_NAME = "$(TARGET_NAME:c99extidentifier)";
				SKIP_INSTALL = YES;
				SWIFT_VERSION = 4.0;
				TARGETED_DEVICE_FAMILY = "1,2";
			};
			name = Release;
		};
/* End XCBuildConfiguration section */

/* Begin XCConfigurationList section */
		351DF3FC2029ECE1008A2831 /* Build configuration list for PBXProject "InAppRouter" */ = {
			isa = XCConfigurationList;
			buildConfigurations = (
				351DF4082029ECE1008A2831 /* Debug */,
				351DF4092029ECE1008A2831 /* Release */,
			);
			defaultConfigurationIsVisible = 0;
			defaultConfigurationName = Release;
		};
		351DF40A2029ECE1008A2831 /* Build configuration list for PBXNativeTarget "InAppRouter" */ = {
			isa = XCConfigurationList;
			buildConfigurations = (
				351DF40B2029ECE1008A2831 /* Debug */,
				351DF40C2029ECE1008A2831 /* Release */,
			);
			defaultConfigurationIsVisible = 0;
			defaultConfigurationName = Release;
		};
/* End XCConfigurationList section */
	};
	rootObject = 351DF3F92029ECE1008A2831 /* Project object */;
}
